# This file is autogenerated, do not edit; changes may be undone by the next 'dep ensure'.


[[projects]]
  branch = "master"
  name = "github.com/whatsadebugger/stringutil"
  packages = ["."]
  revision = "0f62e2cf06597b93f20463b28f0919d601d298ea"

[solve-meta]
  analyzer-name = "dep"
  analyzer-version = 1
  inputs-digest = "b8bb239e9f5e7d8a3fa28697bfb02e4e186c6383e25c8712432bebaa073152fa"
  solver-name = "gps-cdcl"
  solver-version = 1
